
Microsoft Visual Studio Solution File, Format Version 12.00
Project("{FAE04EC0-301F-11D3-BF4B-00C04F79EFBC}") = "GamingTaskKiller", "GamingTaskKiller\GamingTaskKiller.csproj", "{14613206-6FBC-429B-8F73-0E2FF53AC857}"
EndProject
Global
	GlobalSection(SolutionConfigurationPlatforms) = preSolution
		Debug|Any CPU = Debug|Any CPU
		Release|Any CPU = Release|Any CPU
	EndGlobalSection
	GlobalSection(ProjectConfigurationPlatforms) = postSolution
		{14613206-6FBC-429B-8F73-0E2FF53AC857}.Debug|Any CPU.ActiveCfg = Debug|Any CPU
		{14613206-6FBC-429B-8F73-0E2FF53AC857}.Debug|Any CPU.Build.0 = Debug|Any CPU
		{14613206-6FBC-429B-8F73-0E2FF53AC857}.Release|Any CPU.ActiveCfg = Release|Any CPU
		{14613206-6FBC-429B-8F73-0E2FF53AC857}.Release|Any CPU.Build.0 = Release|Any CPU
	EndGlobalSection
EndGlobal
